
Microsoft Visual Studio Solution File, Format Version 12.00
# Visual Studio Version 17
VisualStudioVersion = 17.0.31903.59
MinimumVisualStudioVersion = 10.0.40219.1
Project("{2150E333-8FDC-42A3-9474-1A3956D46DE8}") = "Questions", "Questions", "{3E4FF539-B5B9-4D41-B68B-7C593EF5F073}"
EndProject
Project("{FAE04EC0-301F-11D3-BF4B-00C04F79EFBC}") = "Elevator", "Questions\Elevator\Elevator.csproj", "{E6B33DC6-7CBC-4A72-B7AE-045B2923BB59}"
EndProject
Project("{FAE04EC0-301F-11D3-BF4B-00C04F79EFBC}") = "ParkingLot", "Questions\ParkingLot\ParkingLot.csproj", "{30F5A87B-FFF2-4591-9609-21F867D0FB4D}"
EndProject
Project("{FAE04EC0-301F-11D3-BF4B-00C04F79EFBC}") = "LimitOrderBook", "Questions\LimitOrderBook\LimitOrderBook.csproj", "{FB4A5DD9-064A-40CF-9E10-66FE05E9920B}"
EndProject
Project("{FAE04EC0-301F-11D3-BF4B-00C04F79EFBC}") = "QuestionsConsole", "QuestionsConsole\QuestionsConsole.csproj", "{BBE425DF-EFAE-4D52-B4D4-F8E68809AEE8}"
EndProject
Project("{FAE04EC0-301F-11D3-BF4B-00C04F79EFBC}") = "LowLevelDesign.Tests", "LowLevelDesign.Tests\LowLevelDesign.Tests.csproj", "{E043FD34-E6D8-491A-B61F-BB45A6432CA0}"
EndProject
Global
	GlobalSection(SolutionProperties) = preSolution
		HideSolutionNode = FALSE
	EndGlobalSection
	GlobalSection(SolutionConfigurationPlatforms) = preSolution
		Debug|Any CPU = Debug|Any CPU
		Debug|x64 = Debug|x64
		Debug|x86 = Debug|x86
		Release|Any CPU = Release|Any CPU
		Release|x64 = Release|x64
		Release|x86 = Release|x86
	EndGlobalSection
	GlobalSection(ProjectConfigurationPlatforms) = postSolution
		{E6B33DC6-7CBC-4A72-B7AE-045B2923BB59}.Debug|Any CPU.ActiveCfg = Debug|Any CPU
		{E6B33DC6-7CBC-4A72-B7AE-045B2923BB59}.Debug|Any CPU.Build.0 = Debug|Any CPU
		{E6B33DC6-7CBC-4A72-B7AE-045B2923BB59}.Debug|x64.ActiveCfg = Debug|Any CPU
		{E6B33DC6-7CBC-4A72-B7AE-045B2923BB59}.Debug|x64.Build.0 = Debug|Any CPU
		{E6B33DC6-7CBC-4A72-B7AE-045B2923BB59}.Debug|x86.ActiveCfg = Debug|Any CPU
		{E6B33DC6-7CBC-4A72-B7AE-045B2923BB59}.Debug|x86.Build.0 = Debug|Any CPU
		{E6B33DC6-7CBC-4A72-B7AE-045B2923BB59}.Release|Any CPU.ActiveCfg = Release|Any CPU
		{E6B33DC6-7CBC-4A72-B7AE-045B2923BB59}.Release|Any CPU.Build.0 = Release|Any CPU
		{E6B33DC6-7CBC-4A72-B7AE-045B2923BB59}.Release|x64.ActiveCfg = Release|Any CPU
		{E6B33DC6-7CBC-4A72-B7AE-045B2923BB59}.Release|x64.Build.0 = Release|Any CPU
		{E6B33DC6-7CBC-4A72-B7AE-045B2923BB59}.Release|x86.ActiveCfg = Release|Any CPU
		{E6B33DC6-7CBC-4A72-B7AE-045B2923BB59}.Release|x86.Build.0 = Release|Any CPU
		{30F5A87B-FFF2-4591-9609-21F867D0FB4D}.Debug|Any CPU.ActiveCfg = Debug|Any CPU
		{30F5A87B-FFF2-4591-9609-21F867D0FB4D}.Debug|Any CPU.Build.0 = Debug|Any CPU
		{30F5A87B-FFF2-4591-9609-21F867D0FB4D}.Debug|x64.ActiveCfg = Debug|Any CPU
		{30F5A87B-FFF2-4591-9609-21F867D0FB4D}.Debug|x64.Build.0 = Debug|Any CPU
		{30F5A87B-FFF2-4591-9609-21F867D0FB4D}.Debug|x86.ActiveCfg = Debug|Any CPU
		{30F5A87B-FFF2-4591-9609-21F867D0FB4D}.Debug|x86.Build.0 = Debug|Any CPU
		{30F5A87B-FFF2-4591-9609-21F867D0FB4D}.Release|Any CPU.ActiveCfg = Release|Any CPU
		{30F5A87B-FFF2-4591-9609-21F867D0FB4D}.Release|Any CPU.Build.0 = Release|Any CPU
		{30F5A87B-FFF2-4591-9609-21F867D0FB4D}.Release|x64.ActiveCfg = Release|Any CPU
		{30F5A87B-FFF2-4591-9609-21F867D0FB4D}.Release|x64.Build.0 = Release|Any CPU
		{30F5A87B-FFF2-4591-9609-21F867D0FB4D}.Release|x86.ActiveCfg = Release|Any CPU
		{30F5A87B-FFF2-4591-9609-21F867D0FB4D}.Release|x86.Build.0 = Release|Any CPU
		{FB4A5DD9-064A-40CF-9E10-66FE05E9920B}.Debug|Any CPU.ActiveCfg = Debug|Any CPU
		{FB4A5DD9-064A-40CF-9E10-66FE05E9920B}.Debug|Any CPU.Build.0 = Debug|Any CPU
		{FB4A5DD9-064A-40CF-9E10-66FE05E9920B}.Debug|x64.ActiveCfg = Debug|Any CPU
		{FB4A5DD9-064A-40CF-9E10-66FE05E9920B}.Debug|x64.Build.0 = Debug|Any CPU
		{FB4A5DD9-064A-40CF-9E10-66FE05E9920B}.Debug|x86.ActiveCfg = Debug|Any CPU
		{FB4A5DD9-064A-40CF-9E10-66FE05E9920B}.Debug|x86.Build.0 = Debug|Any CPU
		{FB4A5DD9-064A-40CF-9E10-66FE05E9920B}.Release|Any CPU.ActiveCfg = Release|Any CPU
		{FB4A5DD9-064A-40CF-9E10-66FE05E9920B}.Release|Any CPU.Build.0 = Release|Any CPU
		{FB4A5DD9-064A-40CF-9E10-66FE05E9920B}.Release|x64.ActiveCfg = Release|Any CPU
		{FB4A5DD9-064A-40CF-9E10-66FE05E9920B}.Release|x64.Build.0 = Release|Any CPU
		{FB4A5DD9-064A-40CF-9E10-66FE05E9920B}.Release|x86.ActiveCfg = Release|Any CPU
		{FB4A5DD9-064A-40CF-9E10-66FE05E9920B}.Release|x86.Build.0 = Release|Any CPU
		{BBE425DF-EFAE-4D52-B4D4-F8E68809AEE8}.Debug|Any CPU.ActiveCfg = Debug|Any CPU
		{BBE425DF-EFAE-4D52-B4D4-F8E68809AEE8}.Debug|Any CPU.Build.0 = Debug|Any CPU
		{BBE425DF-EFAE-4D52-B4D4-F8E68809AEE8}.Debug|x64.ActiveCfg = Debug|Any CPU
		{BBE425DF-EFAE-4D52-B4D4-F8E68809AEE8}.Debug|x64.Build.0 = Debug|Any CPU
		{BBE425DF-EFAE-4D52-B4D4-F8E68809AEE8}.Debug|x86.ActiveCfg = Debug|Any CPU
		{BBE425DF-EFAE-4D52-B4D4-F8E68809AEE8}.Debug|x86.Build.0 = Debug|Any CPU
		{BBE425DF-EFAE-4D52-B4D4-F8E68809AEE8}.Release|Any CPU.ActiveCfg = Release|Any CPU
		{BBE425DF-EFAE-4D52-B4D4-F8E68809AEE8}.Release|Any CPU.Build.0 = Release|Any CPU
		{BBE425DF-EFAE-4D52-B4D4-F8E68809AEE8}.Release|x64.ActiveCfg = Release|Any CPU
		{BBE425DF-EFAE-4D52-B4D4-F8E68809AEE8}.Release|x64.Build.0 = Release|Any CPU
		{BBE425DF-EFAE-4D52-B4D4-F8E68809AEE8}.Release|x86.ActiveCfg = Release|Any CPU
		{BBE425DF-EFAE-4D52-B4D4-F8E68809AEE8}.Release|x86.Build.0 = Release|Any CPU
		{E043FD34-E6D8-491A-B61F-BB45A6432CA0}.Debug|Any CPU.ActiveCfg = Debug|Any CPU
		{E043FD34-E6D8-491A-B61F-BB45A6432CA0}.Debug|Any CPU.Build.0 = Debug|Any CPU
		{E043FD34-E6D8-491A-B61F-BB45A6432CA0}.Debug|x64.ActiveCfg = Debug|Any CPU
		{E043FD34-E6D8-491A-B61F-BB45A6432CA0}.Debug|x64.Build.0 = Debug|Any CPU
		{E043FD34-E6D8-491A-B61F-BB45A6432CA0}.Debug|x86.ActiveCfg = Debug|Any CPU
		{E043FD34-E6D8-491A-B61F-BB45A6432CA0}.Debug|x86.Build.0 = Debug|Any CPU
		{E043FD34-E6D8-491A-B61F-BB45A6432CA0}.Release|Any CPU.ActiveCfg = Release|Any CPU
		{E043FD34-E6D8-491A-B61F-BB45A6432CA0}.Release|Any CPU.Build.0 = Release|Any CPU
		{E043FD34-E6D8-491A-B61F-BB45A6432CA0}.Release|x64.ActiveCfg = Release|Any CPU
		{E043FD34-E6D8-491A-B61F-BB45A6432CA0}.Release|x64.Build.0 = Release|Any CPU
		{E043FD34-E6D8-491A-B61F-BB45A6432CA0}.Release|x86.ActiveCfg = Release|Any CPU
		{E043FD34-E6D8-491A-B61F-BB45A6432CA0}.Release|x86.Build.0 = Release|Any CPU
	EndGlobalSection
	GlobalSection(NestedProjects) = preSolution
		{E6B33DC6-7CBC-4A72-B7AE-045B2923BB59} = {3E4FF539-B5B9-4D41-B68B-7C593EF5F073}
		{30F5A87B-FFF2-4591-9609-21F867D0FB4D} = {3E4FF539-B5B9-4D41-B68B-7C593EF5F073}
		{FB4A5DD9-064A-40CF-9E10-66FE05E9920B} = {3E4FF539-B5B9-4D41-B68B-7C593EF5F073}
	EndGlobalSection
EndGlobal
